// !$*UTF8*$!
{
	archiveVersion = 1;
	classes = {
	};
	objectVersion = 55;
	objects = {

/* Begin PBXBuildFile section */
		C13506EB27B6F11B00B388A1 /* AppDelegate.swift in Sources */ = {isa = PBXBuildFile; fileRef = C13506EA27B6F11B00B388A1 /* AppDelegate.swift */; };
		C13506ED27B6F11B00B388A1 /* SceneDelegate.swift in Sources */ = {isa = PBXBuildFile; fileRef = C13506EC27B6F11B00B388A1 /* SceneDelegate.swift */; };
		C13506F227B6F11B00B388A1 /* Main.storyboard in Resources */ = {isa = PBXBuildFile; fileRef = C13506F027B6F11B00B388A1 /* Main.storyboard */; };
		C13506F427B6F11C00B388A1 /* Assets.xcassets in Resources */ = {isa = PBXBuildFile; fileRef = C13506F327B6F11C00B388A1 /* Assets.xcassets */; };
		C135070327B6F19E00B388A1 /* CloudKit.framework in Frameworks */ = {isa = PBXBuildFile; fileRef = C135070227B6F19E00B388A1 /* CloudKit.framework */; };
		C135070627B6F49400B388A1 /* Contact.swift in Sources */ = {isa = PBXBuildFile; fileRef = C135070527B6F49400B388A1 /* Contact.swift */; };
		C135070927B6F4F000B388A1 /* ContactController.swift in Sources */ = {isa = PBXBuildFile; fileRef = C135070827B6F4F000B388A1 /* ContactController.swift */; };
		C135070C27B6F52000B388A1 /* ContactListViewController.swift in Sources */ = {isa = PBXBuildFile; fileRef = C135070B27B6F52000B388A1 /* ContactListViewController.swift */; };
		C135070E27B6F9C900B388A1 /* ContactError.swift in Sources */ = {isa = PBXBuildFile; fileRef = C135070D27B6F9C900B388A1 /* ContactError.swift */; };
		C135071027B734CA00B388A1 /* ContactDetailViewController.swift in Sources */ = {isa = PBXBuildFile; fileRef = C135070F27B734CA00B388A1 /* ContactDetailViewController.swift */; };
/* End PBXBuildFile section */

/* Begin PBXFileReference section */
		C13506E727B6F11B00B388A1 /* MyContacts.app */ = {isa = PBXFileReference; explicitFileType = wrapper.application; includeInIndex = 0; path = MyContacts.app; sourceTree = BUILT_PRODUCTS_DIR; };
		C13506EA27B6F11B00B388A1 /* AppDelegate.swift */ = {isa = PBXFileReference; lastKnownFileType = sourcecode.swift; path = AppDelegate.swift; sourceTree = "<group>"; };
		C13506EC27B6F11B00B388A1 /* SceneDelegate.swift */ = {isa = PBXFileReference; lastKnownFileType = sourcecode.swift; path = SceneDelegate.swift; sourceTree = "<group>"; };
		C13506F127B6F11B00B388A1 /* Base */ = {isa = PBXFileReference; lastKnownFileType = file.storyboard; name = Base; path = Base.lproj/Main.storyboard; sourceTree = "<group>"; };
		C13506F327B6F11C00B388A1 /* Assets.xcassets */ = {isa = PBXFileReference; lastKnownFileType = folder.assetcatalog; path = Assets.xcassets; sourceTree = "<group>"; };
		C13506F827B6F11C00B388A1 /* Info.plist */ = {isa = PBXFileReference; lastKnownFileType = text.plist.xml; path = Info.plist; sourceTree = "<group>"; };
		C135070027B6F19B00B388A1 /* MyContacts.entitlements */ = {isa = PBXFileReference; lastKnownFileType = text.plist.entitlements; path = MyContacts.entitlements; sourceTree = "<group>"; };
		C135070227B6F19E00B388A1 /* CloudKit.framework */ = {isa = PBXFileReference; lastKnownFileType = wrapper.framework; name = CloudKit.framework; path = System/Library/Frameworks/CloudKit.framework; sourceTree = SDKROOT; };
		C135070527B6F49400B388A1 /* Contact.swift */ = {isa = PBXFileReference; lastKnownFileType = sourcecode.swift; path = Contact.swift; sourceTree = "<group>"; };
		C135070827B6F4F000B388A1 /* ContactController.swift */ = {isa = PBXFileReference; lastKnownFileType = sourcecode.swift; path = ContactController.swift; sourceTree = "<group>"; };
		C135070B27B6F52000B388A1 /* ContactListViewController.swift */ = {isa = PBXFileReference; lastKnownFileType = sourcecode.swift; path = ContactListViewController.swift; sourceTree = "<group>"; };
		C135070D27B6F9C900B388A1 /* ContactError.swift */ = {isa = PBXFileReference; lastKnownFileType = sourcecode.swift; path = ContactError.swift; sourceTree = "<group>"; };
		C135070F27B734CA00B388A1 /* ContactDetailViewController.swift */ = {isa = PBXFileReference; lastKnownFileType = sourcecode.swift; path = ContactDetailViewController.swift; sourceTree = "<group>"; };
/* End PBXFileReference section */

/* Begin PBXFrameworksBuildPhase section */
		C13506E427B6F11B00B388A1 /* Frameworks */ = {
			isa = PBXFrameworksBuildPhase;
			buildActionMask = 2147483647;
			files = (
				C135070327B6F19E00B388A1 /* CloudKit.framework in Frameworks */,
			);
			runOnlyForDeploymentPostprocessing = 0;
		};
/* End PBXFrameworksBuildPhase section */

/* Begin PBXGroup section */
		C13506DE27B6F11B00B388A1 = {
			isa = PBXGroup;
			children = (
				C13506E927B6F11B00B388A1 /* MyContacts */,
				C13506E827B6F11B00B388A1 /* Products */,
				C135070127B6F19E00B388A1 /* Frameworks */,
			);
			sourceTree = "<group>";
		};
		C13506E827B6F11B00B388A1 /* Products */ = {
			isa = PBXGroup;
			children = (
				C13506E727B6F11B00B388A1 /* MyContacts.app */,
			);
			name = Products;
			sourceTree = "<group>";
		};
		C13506E927B6F11B00B388A1 /* MyContacts */ = {
			isa = PBXGroup;
			children = (
				C135070027B6F19B00B388A1 /* MyContacts.entitlements */,
				C13506FF27B6F16C00B388A1 /* Storyboards */,
				C135070427B6F47F00B388A1 /* Models */,
				C135070727B6F4D600B388A1 /* ContactController */,
				C135070A27B6F50C00B388A1 /* ViewController */,
				C13506FE27B6F14800B388A1 /* Resources */,
			);
			path = MyContacts;
			sourceTree = "<group>";
		};
		C13506FE27B6F14800B388A1 /* Resources */ = {
			isa = PBXGroup;
			children = (
				C13506EA27B6F11B00B388A1 /* AppDelegate.swift */,
				C13506EC27B6F11B00B388A1 /* SceneDelegate.swift */,
				C13506F327B6F11C00B388A1 /* Assets.xcassets */,
				C13506F827B6F11C00B388A1 /* Info.plist */,
			);
			path = Resources;
			sourceTree = "<group>";
		};
		C13506FF27B6F16C00B388A1 /* Storyboards */ = {
			isa = PBXGroup;
			children = (
				C13506F027B6F11B00B388A1 /* Main.storyboard */,
			);
			path = Storyboards;
			sourceTree = "<group>";
		};
		C135070127B6F19E00B388A1 /* Frameworks */ = {
			isa = PBXGroup;
			children = (
				C135070227B6F19E00B388A1 /* CloudKit.framework */,
			);
			name = Frameworks;
			sourceTree = "<group>";
		};
		C135070427B6F47F00B388A1 /* Models */ = {
			isa = PBXGroup;
			children = (
				C135070527B6F49400B388A1 /* Contact.swift */,
				C135070D27B6F9C900B388A1 /* ContactError.swift */,
			);
			path = Models;
			sourceTree = "<group>";
		};
		C135070727B6F4D600B388A1 /* ContactController */ = {
			isa = PBXGroup;
			children = (
				C135070827B6F4F000B388A1 /* ContactController.swift */,
			);
			path = ContactController;
			sourceTree = "<group>";
		};
		C135070A27B6F50C00B388A1 /* ViewController */ = {
			isa = PBXGroup;
			children = (
				C135070B27B6F52000B388A1 /* ContactListViewController.swift */,
				C135070F27B734CA00B388A1 /* ContactDetailViewController.swift */,
			);
			path = ViewController;
			sourceTree = "<group>";
		};
/* End PBXGroup section */

/* Begin PBXNativeTarget section */
		C13506E627B6F11B00B388A1 /* MyContacts */ = {
			isa = PBXNativeTarget;
			buildConfigurationList = C13506FB27B6F11C00B388A1 /* Build configuration list for PBXNativeTarget "MyContacts" */;
			buildPhases = (
				C13506E327B6F11B00B388A1 /* Sources */,
				C13506E427B6F11B00B388A1 /* Frameworks */,
				C13506E527B6F11B00B388A1 /* Resources */,
			);
			buildRules = (
			);
			dependencies = (
			);
			name = MyContacts;
			productName = MyContacts;
			productReference = C13506E727B6F11B00B388A1 /* MyContacts.app */;
			productType = "com.apple.product-type.application";
		};
/* End PBXNativeTarget section */

/* Begin PBXProject section */
		C13506DF27B6F11B00B388A1 /* Project object */ = {
			isa = PBXProject;
			attributes = {
				BuildIndependentTargetsInParallel = 1;
				LastSwiftUpdateCheck = 1320;
				LastUpgradeCheck = 1320;
				TargetAttributes = {
					C13506E627B6F11B00B388A1 = {
						CreatedOnToolsVersion = 13.2.1;
					};
				};
			};
			buildConfigurationList = C13506E227B6F11B00B388A1 /* Build configuration list for PBXProject "MyContacts" */;
			compatibilityVersion = "Xcode 13.0";
			developmentRegion = en;
			hasScannedForEncodings = 0;
			knownRegions = (
				en,
				Base,
			);
			mainGroup = C13506DE27B6F11B00B388A1;
			productRefGroup = C13506E827B6F11B00B388A1 /* Products */;
			projectDirPath = "";
			projectRoot = "";
			targets = (
				C13506E627B6F11B00B388A1 /* MyContacts */,
			);
		};
/* End PBXProject section */

/* Begin PBXResourcesBuildPhase section */
		C13506E527B6F11B00B388A1 /* Resources */ = {
			isa = PBXResourcesBuildPhase;
			buildActionMask = 2147483647;
			files = (
				C13506F427B6F11C00B388A1 /* Assets.xcassets in Resources */,
				C13506F227B6F11B00B388A1 /* Main.storyboard in Resources */,
			);
			runOnlyForDeploymentPostprocessing = 0;
		};
/* End PBXResourcesBuildPhase section */

/* Begin PBXSourcesBuildPhase section */
		C13506E327B6F11B00B388A1 /* Sources */ = {
			isa = PBXSourcesBuildPhase;
			buildActionMask = 2147483647;
			files = (
				C135070627B6F49400B388A1 /* Contact.swift in Sources */,
				C135070E27B6F9C900B388A1 /* ContactError.swift in Sources */,
				C135070C27B6F52000B388A1 /* ContactListViewController.swift in Sources */,
				C135071027B734CA00B388A1 /* ContactDetailViewController.swift in Sources */,
				C13506EB27B6F11B00B388A1 /* AppDelegate.swift in Sources */,
				C135070927B6F4F000B388A1 /* ContactController.swift in Sources */,
				C13506ED27B6F11B00B388A1 /* SceneDelegate.swift in Sources */,
			);
			runOnlyForDeploymentPostprocessing = 0;
		};
/* End PBXSourcesBuildPhase section */

/* Begin PBXVariantGroup section */
		C13506F027B6F11B00B388A1 /* Main.storyboard */ = {
			isa = PBXVariantGroup;
			children = (
				C13506F127B6F11B00B388A1 /* Base */,
			);
			name = Main.storyboard;
			sourceTree = "<group>";
		};
/* End PBXVariantGroup section */

/* Begin XCBuildConfiguration section */
		C13506F927B6F11C00B388A1 /* Debug */ = {
			isa = XCBuildConfiguration;
			buildSettings = {
				ALWAYS_SEARCH_USER_PATHS = NO;
				CLANG_ANALYZER_NONNULL = YES;
				CLANG_ANALYZER_NUMBER_OBJECT_CONVERSION = YES_AGGRESSIVE;
				CLANG_CXX_LANGUAGE_STANDARD = "gnu++17";
				CLANG_CXX_LIBRARY = "libc++";
				CLANG_ENABLE_MODULES = YES;
				CLANG_ENABLE_OBJC_ARC = YES;
				CLANG_ENABLE_OBJC_WEAK = YES;
				CLANG_WARN_BLOCK_CAPTURE_AUTORELEASING = YES;
				CLANG_WARN_BOOL_CONVERSION = YES;
				CLANG_WARN_COMMA = YES;
				CLANG_WARN_CONSTANT_CONVERSION = YES;
				CLANG_WARN_DEPRECATED_OBJC_IMPLEMENTATIONS = YES;
				CLANG_WARN_DIRECT_OBJC_ISA_USAGE = YES_ERROR;
				CLANG_WARN_DOCUMENTATION_COMMENTS = YES;
				CLANG_WARN_EMPTY_BODY = YES;
				CLANG_WARN_ENUM_CONVERSION = YES;
				CLANG_WARN_INFINITE_RECURSION = YES;
				CLANG_WARN_INT_CONVERSION = YES;
				CLANG_WARN_NON_LITERAL_NULL_CONVERSION = YES;
				CLANG_WARN_OBJC_IMPLICIT_RETAIN_SELF = YES;
				CLANG_WARN_OBJC_LITERAL_CONVERSION = YES;
				CLANG_WARN_OBJC_ROOT_CLASS = YES_ERROR;
				CLANG_WARN_QUOTED_INCLUDE_IN_FRAMEWORK_HEADER = YES;
				CLANG_WARN_RANGE_LOOP_ANALYSIS = YES;
				CLANG_WARN_STRICT_PROTOTYPES = YES;
				CLANG_WARN_SUSPICIOUS_MOVE = YES;
				CLANG_WARN_UNGUARDED_AVAILABILITY = YES_AGGRESSIVE;
				CLANG_WARN_UNREACHABLE_CODE = YES;
				CLANG_WARN__DUPLICATE_METHOD_MATCH = YES;
				COPY_PHASE_STRIP = NO;
				DEBUG_INFORMATION_FORMAT = dwarf;
				ENABLE_STRICT_OBJC_MSGSEND = YES;
				ENABLE_TESTABILITY = YES;
				GCC_C_LANGUAGE_STANDARD = gnu11;
				GCC_DYNAMIC_NO_PIC = NO;
				GCC_NO_COMMON_BLOCKS = YES;
				GCC_OPTIMIZATION_LEVEL = 0;
				GCC_PREPROCESSOR_DEFINITIONS = (
					"DEBUG=1",
					"$(inherited)",
				);
				GCC_WARN_64_TO_32_BIT_CONVERSION = YES;
				GCC_WARN_ABOUT_RETURN_TYPE = YES_ERROR;
				GCC_WARN_UNDECLARED_SELECTOR = YES;
				GCC_WARN_UNINITIALIZED_AUTOS = YES_AGGRESSIVE;
				GCC_WARN_UNUSED_FUNCTION = YES;
				GCC_WARN_UNUSED_VARIABLE = YES;
				IPHONEOS_DEPLOYMENT_TARGET = 15.2;
				MTL_ENABLE_DEBUG_INFO = INCLUDE_SOURCE;
				MTL_FAST_MATH = YES;
				ONLY_ACTIVE_ARCH = YES;
				SDKROOT = iphoneos;
				SWIFT_ACTIVE_COMPILATION_CONDITIONS = DEBUG;
				SWIFT_OPTIMIZATION_LEVEL = "-Onone";
			};
			name = Debug;
		};
		C13506FA27B6F11C00B388A1 /* Release */ = {
			isa = XCBuildConfiguration;
			buildSettings = {
				ALWAYS_SEARCH_USER_PATHS = NO;
				CLANG_ANALYZER_NONNULL = YES;
				CLANG_ANALYZER_NUMBER_OBJECT_CONVERSION = YES_AGGRESSIVE;
				CLANG_CXX_LANGUAGE_STANDARD = "gnu++17";
				CLANG_CXX_LIBRARY = "libc++";
				CLANG_ENABLE_MODULES = YES;
				CLANG_ENABLE_OBJC_ARC = YES;
				CLANG_ENABLE_OBJC_WEAK = YES;
				CLANG_WARN_BLOCK_CAPTURE_AUTORELEASING = YES;
				CLANG_WARN_BOOL_CONVERSION = YES;
				CLANG_WARN_COMMA = YES;
				CLANG_WARN_CONSTANT_CONVERSION = YES;
				CLANG_WARN_DEPRECATED_OBJC_IMPLEMENTATIONS = YES;
				CLANG_WARN_DIRECT_OBJC_ISA_USAGE = YES_ERROR;
				CLANG_WARN_DOCUMENTATION_COMMENTS = YES;
				CLANG_WARN_EMPTY_BODY = YES;
				CLANG_WARN_ENUM_CONVERSION = YES;
				CLANG_WARN_INFINITE_RECURSION = YES;
				CLANG_WARN_INT_CONVERSION = YES;
				CLANG_WARN_NON_LITERAL_NULL_CONVERSION = YES;
				CLANG_WARN_OBJC_IMPLICIT_RETAIN_SELF = YES;
				CLANG_WARN_OBJC_LITERAL_CONVERSION = YES;
				CLANG_WARN_OBJC_ROOT_CLASS = YES_ERROR;
				CLANG_WARN_QUOTED_INCLUDE_IN_FRAMEWORK_HEADER = YES;
				CLANG_WARN_RANGE_LOOP_ANALYSIS = YES;
				CLANG_WARN_STRICT_PROTOTYPES = YES;
				CLANG_WARN_SUSPICIOUS_MOVE = YES;
				CLANG_WARN_UNGUARDED_AVAILABILITY = YES_AGGRESSIVE;
				CLANG_WARN_UNREACHABLE_CODE = YES;
				CLANG_WARN__DUPLICATE_METHOD_MATCH = YES;
				COPY_PHASE_STRIP = NO;
				DEBUG_INFORMATION_FORMAT = "dwarf-with-dsym";
				ENABLE_NS_ASSERTIONS = NO;
				ENABLE_STRICT_OBJC_MSGSEND = YES;
				GCC_C_LANGUAGE_STANDARD = gnu11;
				GCC_NO_COMMON_BLOCKS = YES;
				GCC_WARN_64_TO_32_BIT_CONVERSION = YES;
				GCC_WARN_ABOUT_RETURN_TYPE = YES_ERROR;
				GCC_WARN_UNDECLARED_SELECTOR = YES;
				GCC_WARN_UNINITIALIZED_AUTOS = YES_AGGRESSIVE;
				GCC_WARN_UNUSED_FUNCTION = YES;
				GCC_WARN_UNUSED_VARIABLE = YES;
				IPHONEOS_DEPLOYMENT_TARGET = 15.2;
				MTL_ENABLE_DEBUG_INFO = NO;
				MTL_FAST_MATH = YES;
				SDKROOT = iphoneos;
				SWIFT_COMPILATION_MODE = wholemodule;
				SWIFT_OPTIMIZATION_LEVEL = "-O";
				VALIDATE_PRODUCT = YES;
			};
			name = Release;
		};
		C13506FC27B6F11C00B388A1 /* Debug */ = {
			isa = XCBuildConfiguration;
			buildSettings = {
				ASSETCATALOG_COMPILER_APPICON_NAME = AppIcon;
				ASSETCATALOG_COMPILER_GLOBAL_ACCENT_COLOR_NAME = AccentColor;
				CODE_SIGN_ENTITLEMENTS = MyContacts/MyContacts.entitlements;
				CODE_SIGN_STYLE = Automatic;
				CURRENT_PROJECT_VERSION = 1;
				DEVELOPMENT_TEAM = VF7NYHSY56;
				GENERATE_INFOPLIST_FILE = YES;
				INFOPLIST_FILE = MyContacts/Resources/Info.plist;
				INFOPLIST_KEY_UIApplicationSupportsIndirectInputEvents = YES;
				INFOPLIST_KEY_UILaunchStoryboardName = LaunchScreen;
				INFOPLIST_KEY_UIMainStoryboardFile = Main;
				INFOPLIST_KEY_UISupportedInterfaceOrientations_iPad = "UIInterfaceOrientationPortrait UIInterfaceOrientationPortraitUpsideDown UIInterfaceOrientationLandscapeLeft UIInterfaceOrientationLandscapeRight";
				INFOPLIST_KEY_UISupportedInterfaceOrientations_iPhone = "UIInterfaceOrientationPortrait UIInterfaceOrientationLandscapeLeft UIInterfaceOrientationLandscapeRight";
				LD_RUNPATH_SEARCH_PATHS = (
					"$(inherited)",
					"@executable_path/Frameworks",
				);
				MARKETING_VERSION = 1.0;
				PRODUCT_BUNDLE_IDENTIFIER = Carlotta.Contacts;
				PRODUCT_NAME = "$(TARGET_NAME)";
				SWIFT_EMIT_LOC_STRINGS = YES;
				SWIFT_VERSION = 5.0;
				TARGETED_DEVICE_FAMILY = "1,2";
			};
			name = Debug;
		};
		C13506FD27B6F11C00B388A1 /* Release */ = {
			isa = XCBuildConfiguration;
			buildSettings = {
				ASSETCATALOG_COMPILER_APPICON_NAME = AppIcon;
				ASSETCATALOG_COMPILER_GLOBAL_ACCENT_COLOR_NAME = AccentColor;
				CODE_SIGN_ENTITLEMENTS = MyContacts/MyContacts.entitlements;
				CODE_SIGN_STYLE = Automatic;
				CURRENT_PROJECT_VERSION = 1;
				DEVELOPMENT_TEAM = VF7NYHSY56;
				GENERATE_INFOPLIST_FILE = YES;
				INFOPLIST_FILE = MyContacts/Resources/Info.plist;
				INFOPLIST_KEY_UIApplicationSupportsIndirectInputEvents = YES;
				INFOPLIST_KEY_UILaunchStoryboardName = LaunchScreen;
				INFOPLIST_KEY_UIMainStoryboardFile = Main;
				INFOPLIST_KEY_UISupportedInterfaceOrientations_iPad = "UIInterfaceOrientationPortrait UIInterfaceOrientationPortraitUpsideDown UIInterfaceOrientationLandscapeLeft UIInterfaceOrientationLandscapeRight";
				INFOPLIST_KEY_UISupportedInterfaceOrientations_iPhone = "UIInterfaceOrientationPortrait UIInterfaceOrientationLandscapeLeft UIInterfaceOrientationLandscapeRight";
				LD_RUNPATH_SEARCH_PATHS = (
					"$(inherited)",
					"@executable_path/Frameworks",
				);
				MARKETING_VERSION = 1.0;
				PRODUCT_BUNDLE_IDENTIFIER = Carlotta.Contacts;
				PRODUCT_NAME = "$(TARGET_NAME)";
				SWIFT_EMIT_LOC_STRINGS = YES;
				SWIFT_VERSION = 5.0;
				TARGETED_DEVICE_FAMILY = "1,2";
			};
			name = Release;
		};
/* End XCBuildConfiguration section */

/* Begin XCConfigurationList section */
		C13506E227B6F11B00B388A1 /* Build configuration list for PBXProject "MyContacts" */ = {
			isa = XCConfigurationList;
			buildConfigurations = (
				C13506F927B6F11C00B388A1 /* Debug */,
				C13506FA27B6F11C00B388A1 /* Release */,
			);
			defaultConfigurationIsVisible = 0;
			defaultConfigurationName = Release;
		};
		C13506FB27B6F11C00B388A1 /* Build configuration list for PBXNativeTarget "MyContacts" */ = {
			isa = XCConfigurationList;
			buildConfigurations = (
				C13506FC27B6F11C00B388A1 /* Debug */,
				C13506FD27B6F11C00B388A1 /* Release */,
			);
			defaultConfigurationIsVisible = 0;
			defaultConfigurationName = Release;
		};
/* End XCConfigurationList section */
	};
	rootObject = C13506DF27B6F11B00B388A1 /* Project object */;
}
